// !$*UTF8*$!
{
	archiveVersion = 1;
	classes = {
	};
	objectVersion = 56;
	objects = {

/* Begin PBXBuildFile section */
		2E20070AEF87923705930B76 /* Pods_TrackerTests.framework in Frameworks */ = {isa = PBXBuildFile; fileRef = 2CDE5432F7A8EE5022C756F2 /* Pods_TrackerTests.framework */; };
		81F11D61EDECC18B77E2773C /* Pods_Tracker.framework in Frameworks */ = {isa = PBXBuildFile; fileRef = A1397746DE62719DC2926ED5 /* Pods_Tracker.framework */; };
		D5093C042BD4EFAF00772E49 /* HeaderOfEmogiOrColorView.swift in Sources */ = {isa = PBXBuildFile; fileRef = D5093C032BD4EFAF00772E49 /* HeaderOfEmogiOrColorView.swift */; };
		D5093C072BD56FBD00772E49 /* TrackerModel.xcdatamodeld in Sources */ = {isa = PBXBuildFile; fileRef = D5093C052BD56FBD00772E49 /* TrackerModel.xcdatamodeld */; };
		D5093C092BDBBD2500772E49 /* DaysValueTransformer.swift in Sources */ = {isa = PBXBuildFile; fileRef = D5093C082BDBBD2500772E49 /* DaysValueTransformer.swift */; };
		D50DEC9D2BDE499200FBBB17 /* TrackerStore.swift in Sources */ = {isa = PBXBuildFile; fileRef = D50DEC9C2BDE499100FBBB17 /* TrackerStore.swift */; };
		D50DEC9F2BDE499D00FBBB17 /* TrackerCategoryStore.swift in Sources */ = {isa = PBXBuildFile; fileRef = D50DEC9E2BDE499D00FBBB17 /* TrackerCategoryStore.swift */; };
		D50DECA12BDE49A600FBBB17 /* TrackerRecordStore.swift in Sources */ = {isa = PBXBuildFile; fileRef = D50DECA02BDE49A600FBBB17 /* TrackerRecordStore.swift */; };
		D51359C12BEDFB1700388452 /* CreateCategoryViewController.swift in Sources */ = {isa = PBXBuildFile; fileRef = D51359C02BEDFB1700388452 /* CreateCategoryViewController.swift */; };
		D51359C32BEE05A900388452 /* CategoriesInCreactingViewController + Extention.swift in Sources */ = {isa = PBXBuildFile; fileRef = D51359C22BEE05A900388452 /* CategoriesInCreactingViewController + Extention.swift */; };
		D5135A042BEF732C00388452 /* NSPersistentContainer.swift in Sources */ = {isa = PBXBuildFile; fileRef = D5135A032BEF732C00388452 /* NSPersistentContainer.swift */; };
		D5135A082BF0E92100388452 /* PageViewController.swift in Sources */ = {isa = PBXBuildFile; fileRef = D5135A072BF0E92100388452 /* PageViewController.swift */; };
		D5135A0D2BF0EA6900388452 /* OnboardingScreenViewController.swift in Sources */ = {isa = PBXBuildFile; fileRef = D5135A0C2BF0EA6900388452 /* OnboardingScreenViewController.swift */; };
		D5135A112BF1048C00388452 /* PageViewController + Extention.swift in Sources */ = {isa = PBXBuildFile; fileRef = D5135A102BF1048C00388452 /* PageViewController + Extention.swift */; };
		D51E050E2C0600F600339F7A /* SnapshotTesting in Frameworks */ = {isa = PBXBuildFile; productRef = D51E050D2C0600F600339F7A /* SnapshotTesting */; };
		D5222EC02C0772750039B94E /* StatisticViewController + extention.swift in Sources */ = {isa = PBXBuildFile; fileRef = D5222EBF2C0772750039B94E /* StatisticViewController + extention.swift */; };
		D5222EC42C0840570039B94E /* StatisticViewCell.swift in Sources */ = {isa = PBXBuildFile; fileRef = D5222EC32C0840570039B94E /* StatisticViewCell.swift */; };
		D5222EC82C084C8C0039B94E /* Localizable.strings in Resources */ = {isa = PBXBuildFile; fileRef = D5222EC62C084C8C0039B94E /* Localizable.strings */; };
		D531CE392C04F6650088BD9E /* AnalyticsService.swift in Sources */ = {isa = PBXBuildFile; fileRef = D531CE382C04F6650088BD9E /* AnalyticsService.swift */; };
		D53E030A2C08B2AF00B583DC /* UIColor + extention.swift in Sources */ = {isa = PBXBuildFile; fileRef = D53E03092C08B2AF00B583DC /* UIColor + extention.swift */; };
		D53E030C2C0ADC3F00B583DC /* TrackerViewCell + extention.swift in Sources */ = {isa = PBXBuildFile; fileRef = D53E030B2C0ADC3F00B583DC /* TrackerViewCell + extention.swift */; };
		D5493EDD2BF34C2C0032ED80 /* CategoryViewModel.swift in Sources */ = {isa = PBXBuildFile; fileRef = D5493EDC2BF34C2C0032ED80 /* CategoryViewModel.swift */; };
		D589EBB42BCFB8B8009E7469 /* EmogiAndColorCell.swift in Sources */ = {isa = PBXBuildFile; fileRef = D589EBB32BCFB8B8009E7469 /* EmogiAndColorCell.swift */; };
		D59B5EC02BBE8A8B00FE4D67 /* AppDelegate.swift in Sources */ = {isa = PBXBuildFile; fileRef = D59B5EBF2BBE8A8B00FE4D67 /* AppDelegate.swift */; };
		D59B5EC22BBE8A8B00FE4D67 /* SceneDelegate.swift in Sources */ = {isa = PBXBuildFile; fileRef = D59B5EC12BBE8A8B00FE4D67 /* SceneDelegate.swift */; };
		D59B5EC42BBE8A8B00FE4D67 /* TracersViewController.swift in Sources */ = {isa = PBXBuildFile; fileRef = D59B5EC32BBE8A8B00FE4D67 /* TracersViewController.swift */; };
		D59B5EC92BBE8A8E00FE4D67 /* Assets.xcassets in Resources */ = {isa = PBXBuildFile; fileRef = D59B5EC82BBE8A8E00FE4D67 /* Assets.xcassets */; };
		D59B5ECC2BBE8A8E00FE4D67 /* Base in Resources */ = {isa = PBXBuildFile; fileRef = D59B5ECB2BBE8A8E00FE4D67 /* Base */; };
		D59B5ED72BBE8A8E00FE4D67 /* TrackerTests.swift in Sources */ = {isa = PBXBuildFile; fileRef = D59B5ED62BBE8A8E00FE4D67 /* TrackerTests.swift */; };
		D59B5EF02BBE9AF700FE4D67 /* TabBarViewController.swift in Sources */ = {isa = PBXBuildFile; fileRef = D59B5EEF2BBE9AF700FE4D67 /* TabBarViewController.swift */; };
		D59B5EF22BBE9C8600FE4D67 /* StatisticViewController.swift in Sources */ = {isa = PBXBuildFile; fileRef = D59B5EF12BBE9C8600FE4D67 /* StatisticViewController.swift */; };
		D5A03A672BCA7E3900299B8D /* TimetableViewController + Extention.swift in Sources */ = {isa = PBXBuildFile; fileRef = D5A03A662BCA7E3900299B8D /* TimetableViewController + Extention.swift */; };
		D5A03A692BCD174800299B8D /* HideKayboardExtention.swift in Sources */ = {isa = PBXBuildFile; fileRef = D5A03A682BCD174800299B8D /* HideKayboardExtention.swift */; };
		D5A03A6E2BCD22BE00299B8D /* CustomTextField.swift in Sources */ = {isa = PBXBuildFile; fileRef = D5A03A6D2BCD22BE00299B8D /* CustomTextField.swift */; };
		D5B7FDFA2BC1868A006A943E /* Tracker.swift in Sources */ = {isa = PBXBuildFile; fileRef = D5B7FDF92BC1868A006A943E /* Tracker.swift */; };
		D5B7FDFC2BC188EF006A943E /* TrackerCategory.swift in Sources */ = {isa = PBXBuildFile; fileRef = D5B7FDFB2BC188EF006A943E /* TrackerCategory.swift */; };
		D5B7FDFE2BC18939006A943E /* TrackerRecord.swift in Sources */ = {isa = PBXBuildFile; fileRef = D5B7FDFD2BC18939006A943E /* TrackerRecord.swift */; };
		D5B7FE002BC2E2A2006A943E /* Extention TracersViewController.swift in Sources */ = {isa = PBXBuildFile; fileRef = D5B7FDFF2BC2E2A2006A943E /* Extention TracersViewController.swift */; };
		D5B7FE022BC2E4B7006A943E /* TracerViewCell.swift in Sources */ = {isa = PBXBuildFile; fileRef = D5B7FE012BC2E4B7006A943E /* TracerViewCell.swift */; };
		D5F717322BC4589C00B1B99E /* HeaderViewController.swift in Sources */ = {isa = PBXBuildFile; fileRef = D5F717312BC4589C00B1B99E /* HeaderViewController.swift */; };
		D5F717352BC5187100B1B99E /* HabitOrEventViewController.swift in Sources */ = {isa = PBXBuildFile; fileRef = D5F717342BC5187100B1B99E /* HabitOrEventViewController.swift */; };
		D5F717372BC551EC00B1B99E /* CreateTracerViewController.swift in Sources */ = {isa = PBXBuildFile; fileRef = D5F717362BC551EC00B1B99E /* CreateTracerViewController.swift */; };
		D5F7173B2BC666C000B1B99E /* CreateTracerViewController + Extention.swift in Sources */ = {isa = PBXBuildFile; fileRef = D5F7173A2BC666C000B1B99E /* CreateTracerViewController + Extention.swift */; };
		D5F7173F2BC6E90300B1B99E /* CattegoriesInCreactingViewController.swift in Sources */ = {isa = PBXBuildFile; fileRef = D5F7173E2BC6E90300B1B99E /* CattegoriesInCreactingViewController.swift */; };
		D5F717412BC6E9CA00B1B99E /* TimetableViewController.swift in Sources */ = {isa = PBXBuildFile; fileRef = D5F717402BC6E9CA00B1B99E /* TimetableViewController.swift */; };
		D5F95C592BFC77FF00241BB2 /* EditingTrackerViewController.swift in Sources */ = {isa = PBXBuildFile; fileRef = D5F95C582BFC77FF00241BB2 /* EditingTrackerViewController.swift */; };
		D5F95C5B2BFE503400241BB2 /* FilterViewController.swift in Sources */ = {isa = PBXBuildFile; fileRef = D5F95C5A2BFE503400241BB2 /* FilterViewController.swift */; };
		D5F95C5E2BFE522F00241BB2 /* FilterViewController + extention.swift in Sources */ = {isa = PBXBuildFile; fileRef = D5F95C5D2BFE522F00241BB2 /* FilterViewController + extention.swift */; };
		D5F95C602BFF2AB700241BB2 /* FooterViewController.swift in Sources */ = {isa = PBXBuildFile; fileRef = D5F95C5F2BFF2AB700241BB2 /* FooterViewController.swift */; };
/* End PBXBuildFile section */

/* Begin PBXContainerItemProxy section */
		D59B5ED32BBE8A8E00FE4D67 /* PBXContainerItemProxy */ = {
			isa = PBXContainerItemProxy;
			containerPortal = D59B5EB42BBE8A8B00FE4D67 /* Project object */;
			proxyType = 1;
			remoteGlobalIDString = D59B5EBB2BBE8A8B00FE4D67;
			remoteInfo = Tracker;
		};
/* End PBXContainerItemProxy section */

/* Begin PBXFileReference section */
		2CDE5432F7A8EE5022C756F2 /* Pods_TrackerTests.framework */ = {isa = PBXFileReference; explicitFileType = wrapper.framework; includeInIndex = 0; path = Pods_TrackerTests.framework; sourceTree = BUILT_PRODUCTS_DIR; };
		41E1B0F41A7BDBA3B127B7A4 /* Pods-Tracker-TrackerUITests.debug.xcconfig */ = {isa = PBXFileReference; includeInIndex = 1; lastKnownFileType = text.xcconfig; name = "Pods-Tracker-TrackerUITests.debug.xcconfig"; path = "Target Support Files/Pods-Tracker-TrackerUITests/Pods-Tracker-TrackerUITests.debug.xcconfig"; sourceTree = "<group>"; };
		4C9196D4D6F9AE6AC624C0F6 /* Pods-Tracker.release.xcconfig */ = {isa = PBXFileReference; includeInIndex = 1; lastKnownFileType = text.xcconfig; name = "Pods-Tracker.release.xcconfig"; path = "Target Support Files/Pods-Tracker/Pods-Tracker.release.xcconfig"; sourceTree = "<group>"; };
		772751ABD230BD1BCED13550 /* Pods-Tracker.debug.xcconfig */ = {isa = PBXFileReference; includeInIndex = 1; lastKnownFileType = text.xcconfig; name = "Pods-Tracker.debug.xcconfig"; path = "Target Support Files/Pods-Tracker/Pods-Tracker.debug.xcconfig"; sourceTree = "<group>"; };
		A1397746DE62719DC2926ED5 /* Pods_Tracker.framework */ = {isa = PBXFileReference; explicitFileType = wrapper.framework; includeInIndex = 0; path = Pods_Tracker.framework; sourceTree = BUILT_PRODUCTS_DIR; };
		ADA346084927DE51EA6C25C0 /* Pods-TrackerTests.debug.xcconfig */ = {isa = PBXFileReference; includeInIndex = 1; lastKnownFileType = text.xcconfig; name = "Pods-TrackerTests.debug.xcconfig"; path = "Target Support Files/Pods-TrackerTests/Pods-TrackerTests.debug.xcconfig"; sourceTree = "<group>"; };
		C797ACD1F757A7333AD3511A /* Pods-TrackerTests.release.xcconfig */ = {isa = PBXFileReference; includeInIndex = 1; lastKnownFileType = text.xcconfig; name = "Pods-TrackerTests.release.xcconfig"; path = "Target Support Files/Pods-TrackerTests/Pods-TrackerTests.release.xcconfig"; sourceTree = "<group>"; };
		D5093C032BD4EFAF00772E49 /* HeaderOfEmogiOrColorView.swift */ = {isa = PBXFileReference; lastKnownFileType = sourcecode.swift; path = HeaderOfEmogiOrColorView.swift; sourceTree = "<group>"; };
		D5093C062BD56FBD00772E49 /* TracerModel.xcdatamodel */ = {isa = PBXFileReference; lastKnownFileType = wrapper.xcdatamodel; path = TracerModel.xcdatamodel; sourceTree = "<group>"; };
		D5093C082BDBBD2500772E49 /* DaysValueTransformer.swift */ = {isa = PBXFileReference; lastKnownFileType = sourcecode.swift; path = DaysValueTransformer.swift; sourceTree = "<group>"; };
		D50DEC9C2BDE499100FBBB17 /* TrackerStore.swift */ = {isa = PBXFileReference; lastKnownFileType = sourcecode.swift; path = TrackerStore.swift; sourceTree = "<group>"; };
		D50DEC9E2BDE499D00FBBB17 /* TrackerCategoryStore.swift */ = {isa = PBXFileReference; lastKnownFileType = sourcecode.swift; path = TrackerCategoryStore.swift; sourceTree = "<group>"; };
		D50DECA02BDE49A600FBBB17 /* TrackerRecordStore.swift */ = {isa = PBXFileReference; lastKnownFileType = sourcecode.swift; path = TrackerRecordStore.swift; sourceTree = "<group>"; };
		D51359C02BEDFB1700388452 /* CreateCategoryViewController.swift */ = {isa = PBXFileReference; lastKnownFileType = sourcecode.swift; path = CreateCategoryViewController.swift; sourceTree = "<group>"; };
		D51359C22BEE05A900388452 /* CategoriesInCreactingViewController + Extention.swift */ = {isa = PBXFileReference; lastKnownFileType = sourcecode.swift; path = "CategoriesInCreactingViewController + Extention.swift"; sourceTree = "<group>"; };
		D5135A032BEF732C00388452 /* NSPersistentContainer.swift */ = {isa = PBXFileReference; lastKnownFileType = sourcecode.swift; path = NSPersistentContainer.swift; sourceTree = "<group>"; };
		D5135A072BF0E92100388452 /* PageViewController.swift */ = {isa = PBXFileReference; lastKnownFileType = sourcecode.swift; path = PageViewController.swift; sourceTree = "<group>"; };
		D5135A0C2BF0EA6900388452 /* OnboardingScreenViewController.swift */ = {isa = PBXFileReference; lastKnownFileType = sourcecode.swift; path = OnboardingScreenViewController.swift; sourceTree = "<group>"; };
		D5135A102BF1048C00388452 /* PageViewController + Extention.swift */ = {isa = PBXFileReference; lastKnownFileType = sourcecode.swift; path = "PageViewController + Extention.swift"; sourceTree = "<group>"; };
		D5222EBF2C0772750039B94E /* StatisticViewController + extention.swift */ = {isa = PBXFileReference; lastKnownFileType = sourcecode.swift; path = "StatisticViewController + extention.swift"; sourceTree = "<group>"; };
		D5222EC32C0840570039B94E /* StatisticViewCell.swift */ = {isa = PBXFileReference; lastKnownFileType = sourcecode.swift; path = StatisticViewCell.swift; sourceTree = "<group>"; };
		D5222EC72C084C8C0039B94E /* en */ = {isa = PBXFileReference; lastKnownFileType = text.plist.strings; name = en; path = en.lproj/Localizable.strings; sourceTree = "<group>"; };
		D5222EC92C084F990039B94E /* ru */ = {isa = PBXFileReference; lastKnownFileType = text.plist.strings; name = ru; path = ru.lproj/Localizable.strings; sourceTree = "<group>"; };
		D531CE382C04F6650088BD9E /* AnalyticsService.swift */ = {isa = PBXFileReference; lastKnownFileType = sourcecode.swift; path = AnalyticsService.swift; sourceTree = "<group>"; };
		D53E03092C08B2AF00B583DC /* UIColor + extention.swift */ = {isa = PBXFileReference; lastKnownFileType = sourcecode.swift; path = "UIColor + extention.swift"; sourceTree = "<group>"; };
		D53E030B2C0ADC3F00B583DC /* TrackerViewCell + extention.swift */ = {isa = PBXFileReference; lastKnownFileType = sourcecode.swift; path = "TrackerViewCell + extention.swift"; sourceTree = "<group>"; };
		D5493EDC2BF34C2C0032ED80 /* CategoryViewModel.swift */ = {isa = PBXFileReference; lastKnownFileType = sourcecode.swift; path = CategoryViewModel.swift; sourceTree = "<group>"; };
		D589EBB32BCFB8B8009E7469 /* EmogiAndColorCell.swift */ = {isa = PBXFileReference; lastKnownFileType = sourcecode.swift; path = EmogiAndColorCell.swift; sourceTree = "<group>"; };
		D59B5EBC2BBE8A8B00FE4D67 /* Tracker.app */ = {isa = PBXFileReference; explicitFileType = wrapper.application; includeInIndex = 0; path = Tracker.app; sourceTree = BUILT_PRODUCTS_DIR; };
		D59B5EBF2BBE8A8B00FE4D67 /* AppDelegate.swift */ = {isa = PBXFileReference; lastKnownFileType = sourcecode.swift; path = AppDelegate.swift; sourceTree = "<group>"; };
		D59B5EC12BBE8A8B00FE4D67 /* SceneDelegate.swift */ = {isa = PBXFileReference; lastKnownFileType = sourcecode.swift; path = SceneDelegate.swift; sourceTree = "<group>"; };
		D59B5EC32BBE8A8B00FE4D67 /* TracersViewController.swift */ = {isa = PBXFileReference; lastKnownFileType = sourcecode.swift; name = TracersViewController.swift; path = ../TracersViewController.swift; sourceTree = "<group>"; };
		D59B5EC82BBE8A8E00FE4D67 /* Assets.xcassets */ = {isa = PBXFileReference; lastKnownFileType = folder.assetcatalog; path = Assets.xcassets; sourceTree = "<group>"; };
		D59B5ECB2BBE8A8E00FE4D67 /* Base */ = {isa = PBXFileReference; lastKnownFileType = file.storyboard; name = Base; path = Base.lproj/LaunchScreen.storyboard; sourceTree = "<group>"; };
		D59B5ECD2BBE8A8E00FE4D67 /* Info.plist */ = {isa = PBXFileReference; lastKnownFileType = text.plist.xml; path = Info.plist; sourceTree = "<group>"; };
		D59B5ED22BBE8A8E00FE4D67 /* TrackerTests.xctest */ = {isa = PBXFileReference; explicitFileType = wrapper.cfbundle; includeInIndex = 0; path = TrackerTests.xctest; sourceTree = BUILT_PRODUCTS_DIR; };
		D59B5ED62BBE8A8E00FE4D67 /* TrackerTests.swift */ = {isa = PBXFileReference; lastKnownFileType = sourcecode.swift; path = TrackerTests.swift; sourceTree = "<group>"; };
		D59B5EEF2BBE9AF700FE4D67 /* TabBarViewController.swift */ = {isa = PBXFileReference; lastKnownFileType = sourcecode.swift; path = TabBarViewController.swift; sourceTree = "<group>"; };
		D59B5EF12BBE9C8600FE4D67 /* StatisticViewController.swift */ = {isa = PBXFileReference; lastKnownFileType = sourcecode.swift; path = StatisticViewController.swift; sourceTree = "<group>"; };
		D5A03A662BCA7E3900299B8D /* TimetableViewController + Extention.swift */ = {isa = PBXFileReference; lastKnownFileType = sourcecode.swift; path = "TimetableViewController + Extention.swift"; sourceTree = "<group>"; };
		D5A03A682BCD174800299B8D /* HideKayboardExtention.swift */ = {isa = PBXFileReference; lastKnownFileType = sourcecode.swift; path = HideKayboardExtention.swift; sourceTree = "<group>"; };
		D5A03A6D2BCD22BE00299B8D /* CustomTextField.swift */ = {isa = PBXFileReference; lastKnownFileType = sourcecode.swift; path = CustomTextField.swift; sourceTree = "<group>"; };
		D5B7FDF92BC1868A006A943E /* Tracker.swift */ = {isa = PBXFileReference; lastKnownFileType = sourcecode.swift; path = Tracker.swift; sourceTree = "<group>"; };
		D5B7FDFB2BC188EF006A943E /* TrackerCategory.swift */ = {isa = PBXFileReference; lastKnownFileType = sourcecode.swift; path = TrackerCategory.swift; sourceTree = "<group>"; };
		D5B7FDFD2BC18939006A943E /* TrackerRecord.swift */ = {isa = PBXFileReference; lastKnownFileType = sourcecode.swift; path = TrackerRecord.swift; sourceTree = "<group>"; };
		D5B7FDFF2BC2E2A2006A943E /* Extention TracersViewController.swift */ = {isa = PBXFileReference; lastKnownFileType = sourcecode.swift; name = "Extention TracersViewController.swift"; path = "../Extention TracersViewController.swift"; sourceTree = "<group>"; };
		D5B7FE012BC2E4B7006A943E /* TracerViewCell.swift */ = {isa = PBXFileReference; lastKnownFileType = sourcecode.swift; name = TracerViewCell.swift; path = ../TracerViewCell.swift; sourceTree = "<group>"; };
		D5F717312BC4589C00B1B99E /* HeaderViewController.swift */ = {isa = PBXFileReference; lastKnownFileType = sourcecode.swift; path = HeaderViewController.swift; sourceTree = "<group>"; };
		D5F717342BC5187100B1B99E /* HabitOrEventViewController.swift */ = {isa = PBXFileReference; lastKnownFileType = sourcecode.swift; path = HabitOrEventViewController.swift; sourceTree = "<group>"; };
		D5F717362BC551EC00B1B99E /* CreateTracerViewController.swift */ = {isa = PBXFileReference; lastKnownFileType = sourcecode.swift; path = CreateTracerViewController.swift; sourceTree = "<group>"; };
		D5F7173A2BC666C000B1B99E /* CreateTracerViewController + Extention.swift */ = {isa = PBXFileReference; lastKnownFileType = sourcecode.swift; path = "CreateTracerViewController + Extention.swift"; sourceTree = "<group>"; };
		D5F7173E2BC6E90300B1B99E /* CattegoriesInCreactingViewController.swift */ = {isa = PBXFileReference; lastKnownFileType = sourcecode.swift; path = CattegoriesInCreactingViewController.swift; sourceTree = "<group>"; };
		D5F717402BC6E9CA00B1B99E /* TimetableViewController.swift */ = {isa = PBXFileReference; lastKnownFileType = sourcecode.swift; path = TimetableViewController.swift; sourceTree = "<group>"; };
		D5F95C582BFC77FF00241BB2 /* EditingTrackerViewController.swift */ = {isa = PBXFileReference; lastKnownFileType = sourcecode.swift; path = EditingTrackerViewController.swift; sourceTree = "<group>"; };
		D5F95C5A2BFE503400241BB2 /* FilterViewController.swift */ = {isa = PBXFileReference; lastKnownFileType = sourcecode.swift; path = FilterViewController.swift; sourceTree = "<group>"; };
		D5F95C5D2BFE522F00241BB2 /* FilterViewController + extention.swift */ = {isa = PBXFileReference; lastKnownFileType = sourcecode.swift; path = "FilterViewController + extention.swift"; sourceTree = "<group>"; };
		D5F95C5F2BFF2AB700241BB2 /* FooterViewController.swift */ = {isa = PBXFileReference; lastKnownFileType = sourcecode.swift; path = FooterViewController.swift; sourceTree = "<group>"; };
		DAA4A6E4ED67298E2906AF4A /* Pods-Tracker-TrackerUITests.release.xcconfig */ = {isa = PBXFileReference; includeInIndex = 1; lastKnownFileType = text.xcconfig; name = "Pods-Tracker-TrackerUITests.release.xcconfig"; path = "Target Support Files/Pods-Tracker-TrackerUITests/Pods-Tracker-TrackerUITests.release.xcconfig"; sourceTree = "<group>"; };
		F8DB74E69ABEDD8BF99C8F80 /* Pods_Tracker_TrackerUITests.framework */ = {isa = PBXFileReference; explicitFileType = wrapper.framework; includeInIndex = 0; path = Pods_Tracker_TrackerUITests.framework; sourceTree = BUILT_PRODUCTS_DIR; };
/* End PBXFileReference section */

/* Begin PBXFrameworksBuildPhase section */
		D59B5EB92BBE8A8B00FE4D67 /* Frameworks */ = {
			isa = PBXFrameworksBuildPhase;
			buildActionMask = 2147483647;
			files = (
				81F11D61EDECC18B77E2773C /* Pods_Tracker.framework in Frameworks */,
			);
			runOnlyForDeploymentPostprocessing = 0;
		};
		D59B5ECF2BBE8A8E00FE4D67 /* Frameworks */ = {
			isa = PBXFrameworksBuildPhase;
			buildActionMask = 2147483647;
			files = (
				2E20070AEF87923705930B76 /* Pods_TrackerTests.framework in Frameworks */,
				D51E050E2C0600F600339F7A /* SnapshotTesting in Frameworks */,
			);
			runOnlyForDeploymentPostprocessing = 0;
		};
/* End PBXFrameworksBuildPhase section */

/* Begin PBXGroup section */
		6FFB426F99C0EA92A0223A13 /* Pods */ = {
			isa = PBXGroup;
			children = (
				772751ABD230BD1BCED13550 /* Pods-Tracker.debug.xcconfig */,
				4C9196D4D6F9AE6AC624C0F6 /* Pods-Tracker.release.xcconfig */,
				41E1B0F41A7BDBA3B127B7A4 /* Pods-Tracker-TrackerUITests.debug.xcconfig */,
				DAA4A6E4ED67298E2906AF4A /* Pods-Tracker-TrackerUITests.release.xcconfig */,
				ADA346084927DE51EA6C25C0 /* Pods-TrackerTests.debug.xcconfig */,
				C797ACD1F757A7333AD3511A /* Pods-TrackerTests.release.xcconfig */,
			);
			path = Pods;
			sourceTree = "<group>";
		};
		97641BAB17B730ADACA2856B /* Frameworks */ = {
			isa = PBXGroup;
			children = (
				A1397746DE62719DC2926ED5 /* Pods_Tracker.framework */,
				F8DB74E69ABEDD8BF99C8F80 /* Pods_Tracker_TrackerUITests.framework */,
				2CDE5432F7A8EE5022C756F2 /* Pods_TrackerTests.framework */,
			);
			name = Frameworks;
			sourceTree = "<group>";
		};
		D50DECA22BDE49BC00FBBB17 /* CoreData */ = {
			isa = PBXGroup;
			children = (
				D5093C052BD56FBD00772E49 /* TrackerModel.xcdatamodeld */,
				D50DEC9C2BDE499100FBBB17 /* TrackerStore.swift */,
				D50DEC9E2BDE499D00FBBB17 /* TrackerCategoryStore.swift */,
				D50DECA02BDE49A600FBBB17 /* TrackerRecordStore.swift */,
				D5135A032BEF732C00388452 /* NSPersistentContainer.swift */,
			);
			path = CoreData;
			sourceTree = "<group>";
		};
		D5135A052BF0E49100388452 /* CategoryVC */ = {
			isa = PBXGroup;
			children = (
				D5493EDB2BF34BFC0032ED80 /* MVVM CategoryInCreating */,
				D51359C02BEDFB1700388452 /* CreateCategoryViewController.swift */,
			);
			name = CategoryVC;
			sourceTree = "<group>";
		};
		D5135A062BF0E4A700388452 /* TimetableVC */ = {
			isa = PBXGroup;
			children = (
				D5F717402BC6E9CA00B1B99E /* TimetableViewController.swift */,
				D5A03A662BCA7E3900299B8D /* TimetableViewController + Extention.swift */,
			);
			name = TimetableVC;
			sourceTree = "<group>";
		};
		D5135A0B2BF0EA2A00388452 /* Onboarding */ = {
			isa = PBXGroup;
			children = (
				D5135A072BF0E92100388452 /* PageViewController.swift */,
				D5135A102BF1048C00388452 /* PageViewController + Extention.swift */,
				D5135A0C2BF0EA6900388452 /* OnboardingScreenViewController.swift */,
			);
			path = Onboarding;
			sourceTree = "<group>";
		};
		D5222EBE2C0770E00039B94E /* StatisticView */ = {
			isa = PBXGroup;
			children = (
				D59B5EF12BBE9C8600FE4D67 /* StatisticViewController.swift */,
				D5222EBF2C0772750039B94E /* StatisticViewController + extention.swift */,
				D5222EC32C0840570039B94E /* StatisticViewCell.swift */,
			);
			path = StatisticView;
			sourceTree = "<group>";
		};
		D5222EC52C084C550039B94E /* Resources */ = {
			isa = PBXGroup;
			children = (
				D5222EC62C084C8C0039B94E /* Localizable.strings */,
			);
			path = Resources;
			sourceTree = "<group>";
		};
		D5493EDB2BF34BFC0032ED80 /* MVVM CategoryInCreating */ = {
			isa = PBXGroup;
			children = (
				D5493EDC2BF34C2C0032ED80 /* CategoryViewModel.swift */,
				D5F7173E2BC6E90300B1B99E /* CattegoriesInCreactingViewController.swift */,
				D51359C22BEE05A900388452 /* CategoriesInCreactingViewController + Extention.swift */,
			);
			name = "MVVM CategoryInCreating";
			sourceTree = "<group>";
		};
		D59B5EB32BBE8A8B00FE4D67 = {
			isa = PBXGroup;
			children = (
				D59B5EBE2BBE8A8B00FE4D67 /* Tracker */,
				D59B5ED52BBE8A8E00FE4D67 /* TrackerTests */,
				D59B5EBD2BBE8A8B00FE4D67 /* Products */,
				6FFB426F99C0EA92A0223A13 /* Pods */,
				97641BAB17B730ADACA2856B /* Frameworks */,
			);
			sourceTree = "<group>";
		};
		D59B5EBD2BBE8A8B00FE4D67 /* Products */ = {
			isa = PBXGroup;
			children = (
				D59B5EBC2BBE8A8B00FE4D67 /* Tracker.app */,
				D59B5ED22BBE8A8E00FE4D67 /* TrackerTests.xctest */,
			);
			name = Products;
			sourceTree = "<group>";
		};
		D59B5EBE2BBE8A8B00FE4D67 /* Tracker */ = {
			isa = PBXGroup;
			children = (
				D59B5EEF2BBE9AF700FE4D67 /* TabBarViewController.swift */,
				D531CE382C04F6650088BD9E /* AnalyticsService.swift */,
				D5222EBE2C0770E00039B94E /* StatisticView */,
				D5135A0B2BF0EA2A00388452 /* Onboarding */,
				D5B7FE3F2BC2E8E7006A943E /* TracersView */,
				D5B7FDF82BC18679006A943E /* Models */,
				D50DECA22BDE49BC00FBBB17 /* CoreData */,
				D5A03A6C2BCD226000299B8D /* Helpers */,
				D59B5EC82BBE8A8E00FE4D67 /* Assets.xcassets */,
				D5222EC52C084C550039B94E /* Resources */,
				D59B5ECA2BBE8A8E00FE4D67 /* LaunchScreen.storyboard */,
				D59B5ECD2BBE8A8E00FE4D67 /* Info.plist */,
			);
			path = Tracker;
			sourceTree = "<group>";
		};
		D59B5ED52BBE8A8E00FE4D67 /* TrackerTests */ = {
			isa = PBXGroup;
			children = (
				D59B5ED62BBE8A8E00FE4D67 /* TrackerTests.swift */,
			);
			path = TrackerTests;
			sourceTree = "<group>";
		};
		D5A03A6C2BCD226000299B8D /* Helpers */ = {
			isa = PBXGroup;
			children = (
				D53E03092C08B2AF00B583DC /* UIColor + extention.swift */,
				D59B5EBF2BBE8A8B00FE4D67 /* AppDelegate.swift */,
				D59B5EC12BBE8A8B00FE4D67 /* SceneDelegate.swift */,
				D5A03A682BCD174800299B8D /* HideKayboardExtention.swift */,
				D5A03A6D2BCD22BE00299B8D /* CustomTextField.swift */,
				D5093C082BDBBD2500772E49 /* DaysValueTransformer.swift */,
			);
			path = Helpers;
			sourceTree = "<group>";
		};
		D5B7FDF82BC18679006A943E /* Models */ = {
			isa = PBXGroup;
			children = (
				D5B7FDF92BC1868A006A943E /* Tracker.swift */,
				D5B7FDFB2BC188EF006A943E /* TrackerCategory.swift */,
				D5B7FDFD2BC18939006A943E /* TrackerRecord.swift */,
			);
			path = Models;
			sourceTree = "<group>";
		};
		D5B7FE3F2BC2E8E7006A943E /* TracersView */ = {
			isa = PBXGroup;
			children = (
				D5F95C5C2BFE520E00241BB2 /* FilterVC */,
				D5F717332BC5181300B1B99E /* CreatingTracerView */,
				D59B5EC32BBE8A8B00FE4D67 /* TracersViewController.swift */,
				D5B7FDFF2BC2E2A2006A943E /* Extention TracersViewController.swift */,
				D5B7FE012BC2E4B7006A943E /* TracerViewCell.swift */,
				D53E030B2C0ADC3F00B583DC /* TrackerViewCell + extention.swift */,
				D5F717312BC4589C00B1B99E /* HeaderViewController.swift */,
				D5F95C5F2BFF2AB700241BB2 /* FooterViewController.swift */,
				D5F95C582BFC77FF00241BB2 /* EditingTrackerViewController.swift */,
			);
			path = TracersView;
			sourceTree = "<group>";
		};
		D5F717332BC5181300B1B99E /* CreatingTracerView */ = {
			isa = PBXGroup;
			children = (
				D5F717342BC5187100B1B99E /* HabitOrEventViewController.swift */,
				D5F717362BC551EC00B1B99E /* CreateTracerViewController.swift */,
				D5F7173A2BC666C000B1B99E /* CreateTracerViewController + Extention.swift */,
				D589EBB32BCFB8B8009E7469 /* EmogiAndColorCell.swift */,
				D5093C032BD4EFAF00772E49 /* HeaderOfEmogiOrColorView.swift */,
				D5135A062BF0E4A700388452 /* TimetableVC */,
				D5135A052BF0E49100388452 /* CategoryVC */,
			);
			name = CreatingTracerView;
			sourceTree = "<group>";
		};
		D5F95C5C2BFE520E00241BB2 /* FilterVC */ = {
			isa = PBXGroup;
			children = (
				D5F95C5A2BFE503400241BB2 /* FilterViewController.swift */,
				D5F95C5D2BFE522F00241BB2 /* FilterViewController + extention.swift */,
			);
			name = FilterVC;
			sourceTree = "<group>";
		};
/* End PBXGroup section */

/* Begin PBXNativeTarget section */
		D59B5EBB2BBE8A8B00FE4D67 /* Tracker */ = {
			isa = PBXNativeTarget;
			buildConfigurationList = D59B5EE62BBE8A8E00FE4D67 /* Build configuration list for PBXNativeTarget "Tracker" */;
			buildPhases = (
				8CB1C0A577C8A5958797B37A /* [CP] Check Pods Manifest.lock */,
				D59B5EB82BBE8A8B00FE4D67 /* Sources */,
				D59B5EB92BBE8A8B00FE4D67 /* Frameworks */,
				D59B5EBA2BBE8A8B00FE4D67 /* Resources */,
				111BBA4E215A52BB576A27FE /* [CP] Embed Pods Frameworks */,
			);
			buildRules = (
			);
			dependencies = (
			);
			name = Tracker;
			productName = Tracker;
			productReference = D59B5EBC2BBE8A8B00FE4D67 /* Tracker.app */;
			productType = "com.apple.product-type.application";
		};
		D59B5ED12BBE8A8E00FE4D67 /* TrackerTests */ = {
			isa = PBXNativeTarget;
			buildConfigurationList = D59B5EE92BBE8A8E00FE4D67 /* Build configuration list for PBXNativeTarget "TrackerTests" */;
			buildPhases = (
				317C6843F0786F280E7E98A2 /* [CP] Check Pods Manifest.lock */,
				D59B5ECE2BBE8A8E00FE4D67 /* Sources */,
				D59B5ECF2BBE8A8E00FE4D67 /* Frameworks */,
				D59B5ED02BBE8A8E00FE4D67 /* Resources */,
			);
			buildRules = (
			);
			dependencies = (
				D59B5ED42BBE8A8E00FE4D67 /* PBXTargetDependency */,
			);
			name = TrackerTests;
			packageProductDependencies = (
				D51E050D2C0600F600339F7A /* SnapshotTesting */,
			);
			productName = TrackerTests;
			productReference = D59B5ED22BBE8A8E00FE4D67 /* TrackerTests.xctest */;
			productType = "com.apple.product-type.bundle.unit-test";
		};
/* End PBXNativeTarget section */

/* Begin PBXProject section */
		D59B5EB42BBE8A8B00FE4D67 /* Project object */ = {
			isa = PBXProject;
			attributes = {
				BuildIndependentTargetsInParallel = 1;
				LastSwiftUpdateCheck = 1530;
				LastUpgradeCheck = 1530;
				TargetAttributes = {
					D59B5EBB2BBE8A8B00FE4D67 = {
						CreatedOnToolsVersion = 15.3;
					};
					D59B5ED12BBE8A8E00FE4D67 = {
						CreatedOnToolsVersion = 15.3;
						TestTargetID = D59B5EBB2BBE8A8B00FE4D67;
					};
				};
			};
			buildConfigurationList = D59B5EB72BBE8A8B00FE4D67 /* Build configuration list for PBXProject "Tracker" */;
			compatibilityVersion = "Xcode 14.0";
			developmentRegion = en;
			hasScannedForEncodings = 0;
			knownRegions = (
				en,
				Base,
				ru,
			);
			mainGroup = D59B5EB32BBE8A8B00FE4D67;
			packageReferences = (
				D531CE3A2C05008E0088BD9E /* XCRemoteSwiftPackageReference "swift-snapshot-testing" */,
			);
			productRefGroup = D59B5EBD2BBE8A8B00FE4D67 /* Products */;
			projectDirPath = "";
			projectRoot = "";
			targets = (
				D59B5EBB2BBE8A8B00FE4D67 /* Tracker */,
				D59B5ED12BBE8A8E00FE4D67 /* TrackerTests */,
			);
		};
/* End PBXProject section */

/* Begin PBXResourcesBuildPhase section */
		D59B5EBA2BBE8A8B00FE4D67 /* Resources */ = {
			isa = PBXResourcesBuildPhase;
			buildActionMask = 2147483647;
			files = (
				D59B5EC92BBE8A8E00FE4D67 /* Assets.xcassets in Resources */,
				D5222EC82C084C8C0039B94E /* Localizable.strings in Resources */,
				D59B5ECC2BBE8A8E00FE4D67 /* Base in Resources */,
			);
			runOnlyForDeploymentPostprocessing = 0;
		};
		D59B5ED02BBE8A8E00FE4D67 /* Resources */ = {
			isa = PBXResourcesBuildPhase;
			buildActionMask = 2147483647;
			files = (
			);
			runOnlyForDeploymentPostprocessing = 0;
		};
/* End PBXResourcesBuildPhase section */

/* Begin PBXShellScriptBuildPhase section */
		111BBA4E215A52BB576A27FE /* [CP] Embed Pods Frameworks */ = {
			isa = PBXShellScriptBuildPhase;
			buildActionMask = 2147483647;
			files = (
			);
			inputFileListPaths = (
				"${PODS_ROOT}/Target Support Files/Pods-Tracker/Pods-Tracker-frameworks-${CONFIGURATION}-input-files.xcfilelist",
			);
			name = "[CP] Embed Pods Frameworks";
			outputFileListPaths = (
				"${PODS_ROOT}/Target Support Files/Pods-Tracker/Pods-Tracker-frameworks-${CONFIGURATION}-output-files.xcfilelist",
			);
			runOnlyForDeploymentPostprocessing = 0;
			shellPath = /bin/sh;
			shellScript = "\"${PODS_ROOT}/Target Support Files/Pods-Tracker/Pods-Tracker-frameworks.sh\"\n";
			showEnvVarsInLog = 0;
		};
		317C6843F0786F280E7E98A2 /* [CP] Check Pods Manifest.lock */ = {
			isa = PBXShellScriptBuildPhase;
			buildActionMask = 2147483647;
			files = (
			);
			inputFileListPaths = (
			);
			inputPaths = (
				"${PODS_PODFILE_DIR_PATH}/Podfile.lock",
				"${PODS_ROOT}/Manifest.lock",
			);
			name = "[CP] Check Pods Manifest.lock";
			outputFileListPaths = (
			);
			outputPaths = (
				"$(DERIVED_FILE_DIR)/Pods-TrackerTests-checkManifestLockResult.txt",
			);
			runOnlyForDeploymentPostprocessing = 0;
			shellPath = /bin/sh;
			shellScript = "diff \"${PODS_PODFILE_DIR_PATH}/Podfile.lock\" \"${PODS_ROOT}/Manifest.lock\" > /dev/null\nif [ $? != 0 ] ; then\n    # print error to STDERR\n    echo \"error: The sandbox is not in sync with the Podfile.lock. Run 'pod install' or update your CocoaPods installation.\" >&2\n    exit 1\nfi\n# This output is used by Xcode 'outputs' to avoid re-running this script phase.\necho \"SUCCESS\" > \"${SCRIPT_OUTPUT_FILE_0}\"\n";
			showEnvVarsInLog = 0;
		};
		8CB1C0A577C8A5958797B37A /* [CP] Check Pods Manifest.lock */ = {
			isa = PBXShellScriptBuildPhase;
			buildActionMask = 2147483647;
			files = (
			);
			inputFileListPaths = (
			);
			inputPaths = (
				"${PODS_PODFILE_DIR_PATH}/Podfile.lock",
				"${PODS_ROOT}/Manifest.lock",
			);
			name = "[CP] Check Pods Manifest.lock";
			outputFileListPaths = (
			);
			outputPaths = (
				"$(DERIVED_FILE_DIR)/Pods-Tracker-checkManifestLockResult.txt",
			);
			runOnlyForDeploymentPostprocessing = 0;
			shellPath = /bin/sh;
			shellScript = "diff \"${PODS_PODFILE_DIR_PATH}/Podfile.lock\" \"${PODS_ROOT}/Manifest.lock\" > /dev/null\nif [ $? != 0 ] ; then\n    # print error to STDERR\n    echo \"error: The sandbox is not in sync with the Podfile.lock. Run 'pod install' or update your CocoaPods installation.\" >&2\n    exit 1\nfi\n# This output is used by Xcode 'outputs' to avoid re-running this script phase.\necho \"SUCCESS\" > \"${SCRIPT_OUTPUT_FILE_0}\"\n";
			showEnvVarsInLog = 0;
		};
/* End PBXShellScriptBuildPhase section */

/* Begin PBXSourcesBuildPhase section */
		D59B5EB82BBE8A8B00FE4D67 /* Sources */ = {
			isa = PBXSourcesBuildPhase;
			buildActionMask = 2147483647;
			files = (
				D5B7FDFA2BC1868A006A943E /* Tracker.swift in Sources */,
				D5A03A672BCA7E3900299B8D /* TimetableViewController + Extention.swift in Sources */,
				D5A03A6E2BCD22BE00299B8D /* CustomTextField.swift in Sources */,
				D5135A042BEF732C00388452 /* NSPersistentContainer.swift in Sources */,
				D53E030C2C0ADC3F00B583DC /* TrackerViewCell + extention.swift in Sources */,
				D5135A112BF1048C00388452 /* PageViewController + Extention.swift in Sources */,
				D5F717372BC551EC00B1B99E /* CreateTracerViewController.swift in Sources */,
				D5B7FE022BC2E4B7006A943E /* TracerViewCell.swift in Sources */,
				D589EBB42BCFB8B8009E7469 /* EmogiAndColorCell.swift in Sources */,
				D5135A082BF0E92100388452 /* PageViewController.swift in Sources */,
				D5093C042BD4EFAF00772E49 /* HeaderOfEmogiOrColorView.swift in Sources */,
				D50DEC9F2BDE499D00FBBB17 /* TrackerCategoryStore.swift in Sources */,
				D5F95C5E2BFE522F00241BB2 /* FilterViewController + extention.swift in Sources */,
				D5222EC02C0772750039B94E /* StatisticViewController + extention.swift in Sources */,
				D5F717322BC4589C00B1B99E /* HeaderViewController.swift in Sources */,
				D5F95C602BFF2AB700241BB2 /* FooterViewController.swift in Sources */,
				D5A03A692BCD174800299B8D /* HideKayboardExtention.swift in Sources */,
				D5F7173B2BC666C000B1B99E /* CreateTracerViewController + Extention.swift in Sources */,
				D5F95C5B2BFE503400241BB2 /* FilterViewController.swift in Sources */,
				D5093C092BDBBD2500772E49 /* DaysValueTransformer.swift in Sources */,
				D5F7173F2BC6E90300B1B99E /* CattegoriesInCreactingViewController.swift in Sources */,
				D5222EC42C0840570039B94E /* StatisticViewCell.swift in Sources */,
				D5B7FDFE2BC18939006A943E /* TrackerRecord.swift in Sources */,
				D50DEC9D2BDE499200FBBB17 /* TrackerStore.swift in Sources */,
				D53E030A2C08B2AF00B583DC /* UIColor + extention.swift in Sources */,
				D59B5EF02BBE9AF700FE4D67 /* TabBarViewController.swift in Sources */,
				D531CE392C04F6650088BD9E /* AnalyticsService.swift in Sources */,
				D59B5EC42BBE8A8B00FE4D67 /* TracersViewController.swift in Sources */,
				D5135A0D2BF0EA6900388452 /* OnboardingScreenViewController.swift in Sources */,
				D5F717352BC5187100B1B99E /* HabitOrEventViewController.swift in Sources */,
				D59B5EC02BBE8A8B00FE4D67 /* AppDelegate.swift in Sources */,
				D5093C072BD56FBD00772E49 /* TrackerModel.xcdatamodeld in Sources */,
				D59B5EF22BBE9C8600FE4D67 /* StatisticViewController.swift in Sources */,
				D5493EDD2BF34C2C0032ED80 /* CategoryViewModel.swift in Sources */,
				D51359C32BEE05A900388452 /* CategoriesInCreactingViewController + Extention.swift in Sources */,
				D50DECA12BDE49A600FBBB17 /* TrackerRecordStore.swift in Sources */,
				D5B7FE002BC2E2A2006A943E /* Extention TracersViewController.swift in Sources */,
				D59B5EC22BBE8A8B00FE4D67 /* SceneDelegate.swift in Sources */,
				D5F95C592BFC77FF00241BB2 /* EditingTrackerViewController.swift in Sources */,
				D51359C12BEDFB1700388452 /* CreateCategoryViewController.swift in Sources */,
				D5F717412BC6E9CA00B1B99E /* TimetableViewController.swift in Sources */,
				D5B7FDFC2BC188EF006A943E /* TrackerCategory.swift in Sources */,
			);
			runOnlyForDeploymentPostprocessing = 0;
		};
		D59B5ECE2BBE8A8E00FE4D67 /* Sources */ = {
			isa = PBXSourcesBuildPhase;
			buildActionMask = 2147483647;
			files = (
				D59B5ED72BBE8A8E00FE4D67 /* TrackerTests.swift in Sources */,
			);
			runOnlyForDeploymentPostprocessing = 0;
		};
/* End PBXSourcesBuildPhase section */

/* Begin PBXTargetDependency section */
		D59B5ED42BBE8A8E00FE4D67 /* PBXTargetDependency */ = {
			isa = PBXTargetDependency;
			target = D59B5EBB2BBE8A8B00FE4D67 /* Tracker */;
			targetProxy = D59B5ED32BBE8A8E00FE4D67 /* PBXContainerItemProxy */;
		};
/* End PBXTargetDependency section */

/* Begin PBXVariantGroup section */
		D5222EC62C084C8C0039B94E /* Localizable.strings */ = {
			isa = PBXVariantGroup;
			children = (
				D5222EC72C084C8C0039B94E /* en */,
				D5222EC92C084F990039B94E /* ru */,
			);
			name = Localizable.strings;
			sourceTree = "<group>";
		};
		D59B5ECA2BBE8A8E00FE4D67 /* LaunchScreen.storyboard */ = {
			isa = PBXVariantGroup;
			children = (
				D59B5ECB2BBE8A8E00FE4D67 /* Base */,
			);
			name = LaunchScreen.storyboard;
			sourceTree = "<group>";
		};
/* End PBXVariantGroup section */

/* Begin XCBuildConfiguration section */
		D59B5EE42BBE8A8E00FE4D67 /* Debug */ = {
			isa = XCBuildConfiguration;
			buildSettings = {
				ALWAYS_SEARCH_USER_PATHS = NO;
				ASSETCATALOG_COMPILER_GENERATE_SWIFT_ASSET_SYMBOL_EXTENSIONS = YES;
				CLANG_ANALYZER_LOCALIZABILITY_NONLOCALIZED = YES;
				CLANG_ANALYZER_NONNULL = YES;
				CLANG_ANALYZER_NUMBER_OBJECT_CONVERSION = YES_AGGRESSIVE;
				CLANG_CXX_LANGUAGE_STANDARD = "gnu++20";
				CLANG_ENABLE_MODULES = YES;
				CLANG_ENABLE_OBJC_ARC = YES;
				CLANG_ENABLE_OBJC_WEAK = YES;
				CLANG_WARN_BLOCK_CAPTURE_AUTORELEASING = YES;
				CLANG_WARN_BOOL_CONVERSION = YES;
				CLANG_WARN_COMMA = YES;
				CLANG_WARN_CONSTANT_CONVERSION = YES;
				CLANG_WARN_DEPRECATED_OBJC_IMPLEMENTATIONS = YES;
				CLANG_WARN_DIRECT_OBJC_ISA_USAGE = YES_ERROR;
				CLANG_WARN_DOCUMENTATION_COMMENTS = YES;
				CLANG_WARN_EMPTY_BODY = YES;
				CLANG_WARN_ENUM_CONVERSION = YES;
				CLANG_WARN_INFINITE_RECURSION = YES;
				CLANG_WARN_INT_CONVERSION = YES;
				CLANG_WARN_NON_LITERAL_NULL_CONVERSION = YES;
				CLANG_WARN_OBJC_IMPLICIT_RETAIN_SELF = YES;
				CLANG_WARN_OBJC_LITERAL_CONVERSION = YES;
				CLANG_WARN_OBJC_ROOT_CLASS = YES_ERROR;
				CLANG_WARN_QUOTED_INCLUDE_IN_FRAMEWORK_HEADER = YES;
				CLANG_WARN_RANGE_LOOP_ANALYSIS = YES;
				CLANG_WARN_STRICT_PROTOTYPES = YES;
				CLANG_WARN_SUSPICIOUS_MOVE = YES;
				CLANG_WARN_UNGUARDED_AVAILABILITY = YES_AGGRESSIVE;
				CLANG_WARN_UNREACHABLE_CODE = YES;
				CLANG_WARN__DUPLICATE_METHOD_MATCH = YES;
				COPY_PHASE_STRIP = NO;
				DEBUG_INFORMATION_FORMAT = dwarf;
				ENABLE_STRICT_OBJC_MSGSEND = YES;
				ENABLE_TESTABILITY = YES;
				ENABLE_USER_SCRIPT_SANDBOXING = NO;
				GCC_C_LANGUAGE_STANDARD = gnu17;
				GCC_DYNAMIC_NO_PIC = NO;
				GCC_NO_COMMON_BLOCKS = YES;
				GCC_OPTIMIZATION_LEVEL = 0;
				GCC_PREPROCESSOR_DEFINITIONS = (
					"DEBUG=1",
					"$(inherited)",
				);
				GCC_WARN_64_TO_32_BIT_CONVERSION = YES;
				GCC_WARN_ABOUT_RETURN_TYPE = YES_ERROR;
				GCC_WARN_UNDECLARED_SELECTOR = YES;
				GCC_WARN_UNINITIALIZED_AUTOS = YES_AGGRESSIVE;
				GCC_WARN_UNUSED_FUNCTION = YES;
				GCC_WARN_UNUSED_VARIABLE = YES;
				IPHONEOS_DEPLOYMENT_TARGET = 13.4;
				LOCALIZATION_PREFERS_STRING_CATALOGS = YES;
				MTL_ENABLE_DEBUG_INFO = INCLUDE_SOURCE;
				MTL_FAST_MATH = YES;
				ONLY_ACTIVE_ARCH = YES;
				SDKROOT = iphoneos;
				SWIFT_ACTIVE_COMPILATION_CONDITIONS = "DEBUG $(inherited)";
				SWIFT_OPTIMIZATION_LEVEL = "-Onone";
			};
			name = Debug;
		};
		D59B5EE52BBE8A8E00FE4D67 /* Release */ = {
			isa = XCBuildConfiguration;
			buildSettings = {
				ALWAYS_SEARCH_USER_PATHS = NO;
				ASSETCATALOG_COMPILER_GENERATE_SWIFT_ASSET_SYMBOL_EXTENSIONS = YES;
				CLANG_ANALYZER_LOCALIZABILITY_NONLOCALIZED = YES;
				CLANG_ANALYZER_NONNULL = YES;
				CLANG_ANALYZER_NUMBER_OBJECT_CONVERSION = YES_AGGRESSIVE;
				CLANG_CXX_LANGUAGE_STANDARD = "gnu++20";
				CLANG_ENABLE_MODULES = YES;
				CLANG_ENABLE_OBJC_ARC = YES;
				CLANG_ENABLE_OBJC_WEAK = YES;
				CLANG_WARN_BLOCK_CAPTURE_AUTORELEASING = YES;
				CLANG_WARN_BOOL_CONVERSION = YES;
				CLANG_WARN_COMMA = YES;
				CLANG_WARN_CONSTANT_CONVERSION = YES;
				CLANG_WARN_DEPRECATED_OBJC_IMPLEMENTATIONS = YES;
				CLANG_WARN_DIRECT_OBJC_ISA_USAGE = YES_ERROR;
				CLANG_WARN_DOCUMENTATION_COMMENTS = YES;
				CLANG_WARN_EMPTY_BODY = YES;
				CLANG_WARN_ENUM_CONVERSION = YES;
				CLANG_WARN_INFINITE_RECURSION = YES;
				CLANG_WARN_INT_CONVERSION = YES;
				CLANG_WARN_NON_LITERAL_NULL_CONVERSION = YES;
				CLANG_WARN_OBJC_IMPLICIT_RETAIN_SELF = YES;
				CLANG_WARN_OBJC_LITERAL_CONVERSION = YES;
				CLANG_WARN_OBJC_ROOT_CLASS = YES_ERROR;
				CLANG_WARN_QUOTED_INCLUDE_IN_FRAMEWORK_HEADER = YES;
				CLANG_WARN_RANGE_LOOP_ANALYSIS = YES;
				CLANG_WARN_STRICT_PROTOTYPES = YES;
				CLANG_WARN_SUSPICIOUS_MOVE = YES;
				CLANG_WARN_UNGUARDED_AVAILABILITY = YES_AGGRESSIVE;
				CLANG_WARN_UNREACHABLE_CODE = YES;
				CLANG_WARN__DUPLICATE_METHOD_MATCH = YES;
				COPY_PHASE_STRIP = NO;
				DEBUG_INFORMATION_FORMAT = "dwarf-with-dsym";
				ENABLE_NS_ASSERTIONS = NO;
				ENABLE_STRICT_OBJC_MSGSEND = YES;
				ENABLE_USER_SCRIPT_SANDBOXING = NO;
				GCC_C_LANGUAGE_STANDARD = gnu17;
				GCC_NO_COMMON_BLOCKS = YES;
				GCC_WARN_64_TO_32_BIT_CONVERSION = YES;
				GCC_WARN_ABOUT_RETURN_TYPE = YES_ERROR;
				GCC_WARN_UNDECLARED_SELECTOR = YES;
				GCC_WARN_UNINITIALIZED_AUTOS = YES_AGGRESSIVE;
				GCC_WARN_UNUSED_FUNCTION = YES;
				GCC_WARN_UNUSED_VARIABLE = YES;
				IPHONEOS_DEPLOYMENT_TARGET = 13.4;
				LOCALIZATION_PREFERS_STRING_CATALOGS = YES;
				MTL_ENABLE_DEBUG_INFO = NO;
				MTL_FAST_MATH = YES;
				SDKROOT = iphoneos;
				SWIFT_COMPILATION_MODE = wholemodule;
				VALIDATE_PRODUCT = YES;
			};
			name = Release;
		};
		D59B5EE72BBE8A8E00FE4D67 /* Debug */ = {
			isa = XCBuildConfiguration;
			baseConfigurationReference = 772751ABD230BD1BCED13550 /* Pods-Tracker.debug.xcconfig */;
			buildSettings = {
				ASSETCATALOG_COMPILER_APPICON_NAME = AppIcon;
				ASSETCATALOG_COMPILER_GLOBAL_ACCENT_COLOR_NAME = AccentColor;
				CODE_SIGN_STYLE = Automatic;
				CURRENT_PROJECT_VERSION = 1;
				DEVELOPMENT_TEAM = YJ8QCRT239;
				ENABLE_USER_SCRIPT_SANDBOXING = NO;
				GENERATE_INFOPLIST_FILE = YES;
				INFOPLIST_FILE = Tracker/Info.plist;
				INFOPLIST_KEY_UIApplicationSupportsIndirectInputEvents = YES;
				INFOPLIST_KEY_UILaunchStoryboardName = LaunchScreen;
				INFOPLIST_KEY_UISupportedInterfaceOrientations = UIInterfaceOrientationPortrait;
				INFOPLIST_KEY_UISupportedInterfaceOrientations_iPad = "UIInterfaceOrientationLandscapeLeft UIInterfaceOrientationLandscapeRight UIInterfaceOrientationPortrait UIInterfaceOrientationPortraitUpsideDown";
				IPHONEOS_DEPLOYMENT_TARGET = 13.4;
				LD_RUNPATH_SEARCH_PATHS = (
					"$(inherited)",
					"@executable_path/Frameworks",
				);
				MARKETING_VERSION = 1.0;
				PRODUCT_BUNDLE_IDENTIFIER = ru.olegSpiridonov.Tracker;
				PRODUCT_NAME = "$(TARGET_NAME)";
				SUPPORTED_PLATFORMS = "iphoneos iphonesimulator";
				SUPPORTS_MACCATALYST = NO;
				SUPPORTS_MAC_DESIGNED_FOR_IPHONE_IPAD = NO;
				SUPPORTS_XR_DESIGNED_FOR_IPHONE_IPAD = NO;
				SWIFT_EMIT_LOC_STRINGS = YES;
				SWIFT_VERSION = 5.0;
				TARGETED_DEVICE_FAMILY = 1;
			};
			name = Debug;
		};
		D59B5EE82BBE8A8E00FE4D67 /* Release */ = {
			isa = XCBuildConfiguration;
			baseConfigurationReference = 4C9196D4D6F9AE6AC624C0F6 /* Pods-Tracker.release.xcconfig */;
			buildSettings = {
				ASSETCATALOG_COMPILER_APPICON_NAME = AppIcon;
				ASSETCATALOG_COMPILER_GLOBAL_ACCENT_COLOR_NAME = AccentColor;
				CODE_SIGN_STYLE = Automatic;
				CURRENT_PROJECT_VERSION = 1;
				DEVELOPMENT_TEAM = YJ8QCRT239;
				ENABLE_USER_SCRIPT_SANDBOXING = NO;
				GENERATE_INFOPLIST_FILE = YES;
				INFOPLIST_FILE = Tracker/Info.plist;
				INFOPLIST_KEY_UIApplicationSupportsIndirectInputEvents = YES;
				INFOPLIST_KEY_UILaunchStoryboardName = LaunchScreen;
				INFOPLIST_KEY_UISupportedInterfaceOrientations = UIInterfaceOrientationPortrait;
				INFOPLIST_KEY_UISupportedInterfaceOrientations_iPad = "UIInterfaceOrientationLandscapeLeft UIInterfaceOrientationLandscapeRight UIInterfaceOrientationPortrait UIInterfaceOrientationPortraitUpsideDown";
				IPHONEOS_DEPLOYMENT_TARGET = 13.4;
				LD_RUNPATH_SEARCH_PATHS = (
					"$(inherited)",
					"@executable_path/Frameworks",
				);
				MARKETING_VERSION = 1.0;
				PRODUCT_BUNDLE_IDENTIFIER = ru.olegSpiridonov.Tracker;
				PRODUCT_NAME = "$(TARGET_NAME)";
				SUPPORTED_PLATFORMS = "iphoneos iphonesimulator";
				SUPPORTS_MACCATALYST = NO;
				SUPPORTS_MAC_DESIGNED_FOR_IPHONE_IPAD = NO;
				SUPPORTS_XR_DESIGNED_FOR_IPHONE_IPAD = NO;
				SWIFT_EMIT_LOC_STRINGS = YES;
				SWIFT_VERSION = 5.0;
				TARGETED_DEVICE_FAMILY = 1;
			};
			name = Release;
		};
		D59B5EEA2BBE8A8E00FE4D67 /* Debug */ = {
			isa = XCBuildConfiguration;
			baseConfigurationReference = ADA346084927DE51EA6C25C0 /* Pods-TrackerTests.debug.xcconfig */;
			buildSettings = {
				ALWAYS_EMBED_SWIFT_STANDARD_LIBRARIES = YES;
				BUNDLE_LOADER = "$(TEST_HOST)";
				CODE_SIGN_STYLE = Automatic;
				CURRENT_PROJECT_VERSION = 1;
				DEVELOPMENT_TEAM = YJ8QCRT239;
				GENERATE_INFOPLIST_FILE = YES;
				IPHONEOS_DEPLOYMENT_TARGET = 17.4;
				MARKETING_VERSION = 1.0;
				PRODUCT_BUNDLE_IDENTIFIER = ru.olegSpiridonov.TrackerTests;
				PRODUCT_NAME = "$(TARGET_NAME)";
				SUPPORTED_PLATFORMS = "iphoneos iphonesimulator";
				SUPPORTS_MACCATALYST = NO;
				SUPPORTS_MAC_DESIGNED_FOR_IPHONE_IPAD = NO;
				SUPPORTS_XR_DESIGNED_FOR_IPHONE_IPAD = NO;
				SWIFT_EMIT_LOC_STRINGS = NO;
				SWIFT_VERSION = 5.0;
				TARGETED_DEVICE_FAMILY = 1;
				TEST_HOST = "$(BUILT_PRODUCTS_DIR)/Tracker.app/$(BUNDLE_EXECUTABLE_FOLDER_PATH)/Tracker";
			};
			name = Debug;
		};
		D59B5EEB2BBE8A8E00FE4D67 /* Release */ = {
			isa = XCBuildConfiguration;
			baseConfigurationReference = C797ACD1F757A7333AD3511A /* Pods-TrackerTests.release.xcconfig */;
			buildSettings = {
				ALWAYS_EMBED_SWIFT_STANDARD_LIBRARIES = YES;
				BUNDLE_LOADER = "$(TEST_HOST)";
				CODE_SIGN_STYLE = Automatic;
				CURRENT_PROJECT_VERSION = 1;
				DEVELOPMENT_TEAM = YJ8QCRT239;
				GENERATE_INFOPLIST_FILE = YES;
				IPHONEOS_DEPLOYMENT_TARGET = 17.4;
				MARKETING_VERSION = 1.0;
				PRODUCT_BUNDLE_IDENTIFIER = ru.olegSpiridonov.TrackerTests;
				PRODUCT_NAME = "$(TARGET_NAME)";
				SUPPORTED_PLATFORMS = "iphoneos iphonesimulator";
				SUPPORTS_MACCATALYST = NO;
				SUPPORTS_MAC_DESIGNED_FOR_IPHONE_IPAD = NO;
				SUPPORTS_XR_DESIGNED_FOR_IPHONE_IPAD = NO;
				SWIFT_EMIT_LOC_STRINGS = NO;
				SWIFT_VERSION = 5.0;
				TARGETED_DEVICE_FAMILY = 1;
				TEST_HOST = "$(BUILT_PRODUCTS_DIR)/Tracker.app/$(BUNDLE_EXECUTABLE_FOLDER_PATH)/Tracker";
			};
			name = Release;
		};
/* End XCBuildConfiguration section */

/* Begin XCConfigurationList section */
		D59B5EB72BBE8A8B00FE4D67 /* Build configuration list for PBXProject "Tracker" */ = {
			isa = XCConfigurationList;
			buildConfigurations = (
				D59B5EE42BBE8A8E00FE4D67 /* Debug */,
				D59B5EE52BBE8A8E00FE4D67 /* Release */,
			);
			defaultConfigurationIsVisible = 0;
			defaultConfigurationName = Release;
		};
		D59B5EE62BBE8A8E00FE4D67 /* Build configuration list for PBXNativeTarget "Tracker" */ = {
			isa = XCConfigurationList;
			buildConfigurations = (
				D59B5EE72BBE8A8E00FE4D67 /* Debug */,
				D59B5EE82BBE8A8E00FE4D67 /* Release */,
			);
			defaultConfigurationIsVisible = 0;
			defaultConfigurationName = Release;
		};
		D59B5EE92BBE8A8E00FE4D67 /* Build configuration list for PBXNativeTarget "TrackerTests" */ = {
			isa = XCConfigurationList;
			buildConfigurations = (
				D59B5EEA2BBE8A8E00FE4D67 /* Debug */,
				D59B5EEB2BBE8A8E00FE4D67 /* Release */,
			);
			defaultConfigurationIsVisible = 0;
			defaultConfigurationName = Release;
		};
/* End XCConfigurationList section */

/* Begin XCRemoteSwiftPackageReference section */
		D531CE3A2C05008E0088BD9E /* XCRemoteSwiftPackageReference "swift-snapshot-testing" */ = {
			isa = XCRemoteSwiftPackageReference;
			repositoryURL = "https://github.com/pointfreeco/swift-snapshot-testing";
			requirement = {
				kind = upToNextMajorVersion;
				minimumVersion = 1.16.0;
			};
		};
/* End XCRemoteSwiftPackageReference section */

/* Begin XCSwiftPackageProductDependency section */
		D51E050D2C0600F600339F7A /* SnapshotTesting */ = {
			isa = XCSwiftPackageProductDependency;
			package = D531CE3A2C05008E0088BD9E /* XCRemoteSwiftPackageReference "swift-snapshot-testing" */;
			productName = SnapshotTesting;
		};
/* End XCSwiftPackageProductDependency section */

/* Begin XCVersionGroup section */
		D5093C052BD56FBD00772E49 /* TrackerModel.xcdatamodeld */ = {
			isa = XCVersionGroup;
			children = (
				D5093C062BD56FBD00772E49 /* TracerModel.xcdatamodel */,
			);
			currentVersion = D5093C062BD56FBD00772E49 /* TracerModel.xcdatamodel */;
			path = TrackerModel.xcdatamodeld;
			sourceTree = "<group>";
			versionGroupType = wrapper.xcdatamodel;
		};
/* End XCVersionGroup section */
	};
	rootObject = D59B5EB42BBE8A8B00FE4D67 /* Project object */;
}
